
Microsoft Visual Studio Solution File, Format Version 12.00
# Visual Studio Version 16
VisualStudioVersion = 16.0.30523.141
MinimumVisualStudioVersion = 10.0.40219.1
Project("{2150E333-8FDC-42A3-9474-1A3956D46DE8}") = "Class projects", "Class projects", "{FC861BB8-6D8F-4D68-8AAF-49042E17A099}"
EndProject
Project("{9A19103F-16F7-4668-BE54-9A1E7A4F7556}") = "EntityFramework5North", "EntityFramework5North\EntityFramework5North.csproj", "{8C206CDF-DFAF-4806-AEED-1B800103AEEE}"
EndProject
Project("{2150E333-8FDC-42A3-9474-1A3956D46DE8}") = "Solution Items", "Solution Items", "{AC5364DF-3D67-452B-93D5-18BC3A043F32}"
	ProjectSection(SolutionItems) = preProject
		readme.md = readme.md
	EndProjectSection
EndProject
Project("{2150E333-8FDC-42A3-9474-1A3956D46DE8}") = "User interface projects", "User interface projects", "{2AEB6CA8-00FD-405F-BBF1-96A4372CE9A2}"
EndProject
Project("{9A19103F-16F7-4668-BE54-9A1E7A4F7556}") = "NoFrillsSelectCustomersWithAsSplitQuery", "NoFrillsSelectCustomersWithAsSplitQuery\NoFrillsSelectCustomersWithAsSplitQuery.csproj", "{E4FD93CC-5657-4302-A4E4-32902FE9F2EB}"
EndProject
Project("{9A19103F-16F7-4668-BE54-9A1E7A4F7556}") = "IncludeFilter", "IncludeFilterBlogPost\IncludeFilter.csproj", "{565121F5-80A5-42DC-A589-4161FC8826AB}"
EndProject
Project("{9A19103F-16F7-4668-BE54-9A1E7A4F7556}") = "LogToFile", "LogToFile\LogToFile.csproj", "{8B74A4D9-EF0E-4856-86B2-C607A17906CF}"
EndProject
Project("{9A19103F-16F7-4668-BE54-9A1E7A4F7556}") = "ConfigurationHelper", "ConfigurationHelper\ConfigurationHelper.csproj", "{2D3CFB2B-BE3C-4B50-A0C0-AD708F89F011}"
EndProject
Project("{9A19103F-16F7-4668-BE54-9A1E7A4F7556}") = "ConnectionConfiguration", "ConnectionConfiguration\ConnectionConfiguration.csproj", "{5420987A-2413-4920-9F77-02FF597E997C}"
EndProject
Project("{2150E333-8FDC-42A3-9474-1A3956D46DE8}") = "Temp", "Temp", "{8A62BC9F-A245-454C-8B1C-1CD632EBD16A}"
EndProject
Project("{9A19103F-16F7-4668-BE54-9A1E7A4F7556}") = "EntityCore_csharp", "EntityCore_csharp\EntityCore_csharp.csproj", "{849B7924-1E5C-40F8-92F2-41C39A09B1A8}"
EndProject
Project("{9A19103F-16F7-4668-BE54-9A1E7A4F7556}") = "WorkingWithJson1", "WorkingWithJson1\WorkingWithJson1.csproj", "{130632F4-531E-4A49-AF38-59F866DA696E}"
EndProject
Project("{9A19103F-16F7-4668-BE54-9A1E7A4F7556}") = "WorkingWithJson1Console1", "WorkingWithJson1Console1\WorkingWithJson1Console1.csproj", "{CEA41B89-41CA-4E90-9644-F8DCF369E0D5}"
EndProject
Project("{2150E333-8FDC-42A3-9474-1A3956D46DE8}") = "Stored procedures", "Stored procedures", "{4EB38B6B-076D-4E70-874D-D8D6347B1042}"
EndProject
Project("{9A19103F-16F7-4668-BE54-9A1E7A4F7556}") = "StoredProcedureEntityFrameworkCore1", "EntityFrameworkCoreStoredProcedures\StoredProcedureEntityFrameworkCore1.csproj", "{9E41F20D-4864-4326-A5A0-D5BE4B30C2F1}"
EndProject
Global
	GlobalSection(SolutionConfigurationPlatforms) = preSolution
		Debug|Any CPU = Debug|Any CPU
		Release|Any CPU = Release|Any CPU
	EndGlobalSection
	GlobalSection(ProjectConfigurationPlatforms) = postSolution
		{8C206CDF-DFAF-4806-AEED-1B800103AEEE}.Debug|Any CPU.ActiveCfg = Debug|Any CPU
		{8C206CDF-DFAF-4806-AEED-1B800103AEEE}.Debug|Any CPU.Build.0 = Debug|Any CPU
		{8C206CDF-DFAF-4806-AEED-1B800103AEEE}.Release|Any CPU.ActiveCfg = Release|Any CPU
		{8C206CDF-DFAF-4806-AEED-1B800103AEEE}.Release|Any CPU.Build.0 = Release|Any CPU
		{E4FD93CC-5657-4302-A4E4-32902FE9F2EB}.Debug|Any CPU.ActiveCfg = Debug|Any CPU
		{E4FD93CC-5657-4302-A4E4-32902FE9F2EB}.Debug|Any CPU.Build.0 = Debug|Any CPU
		{E4FD93CC-5657-4302-A4E4-32902FE9F2EB}.Release|Any CPU.ActiveCfg = Release|Any CPU
		{E4FD93CC-5657-4302-A4E4-32902FE9F2EB}.Release|Any CPU.Build.0 = Release|Any CPU
		{565121F5-80A5-42DC-A589-4161FC8826AB}.Debug|Any CPU.ActiveCfg = Debug|Any CPU
		{565121F5-80A5-42DC-A589-4161FC8826AB}.Debug|Any CPU.Build.0 = Debug|Any CPU
		{565121F5-80A5-42DC-A589-4161FC8826AB}.Release|Any CPU.ActiveCfg = Release|Any CPU
		{565121F5-80A5-42DC-A589-4161FC8826AB}.Release|Any CPU.Build.0 = Release|Any CPU
		{8B74A4D9-EF0E-4856-86B2-C607A17906CF}.Debug|Any CPU.ActiveCfg = Debug|Any CPU
		{8B74A4D9-EF0E-4856-86B2-C607A17906CF}.Debug|Any CPU.Build.0 = Debug|Any CPU
		{8B74A4D9-EF0E-4856-86B2-C607A17906CF}.Release|Any CPU.ActiveCfg = Release|Any CPU
		{8B74A4D9-EF0E-4856-86B2-C607A17906CF}.Release|Any CPU.Build.0 = Release|Any CPU
		{2D3CFB2B-BE3C-4B50-A0C0-AD708F89F011}.Debug|Any CPU.ActiveCfg = Debug|Any CPU
		{2D3CFB2B-BE3C-4B50-A0C0-AD708F89F011}.Debug|Any CPU.Build.0 = Debug|Any CPU
		{2D3CFB2B-BE3C-4B50-A0C0-AD708F89F011}.Release|Any CPU.ActiveCfg = Release|Any CPU
		{2D3CFB2B-BE3C-4B50-A0C0-AD708F89F011}.Release|Any CPU.Build.0 = Release|Any CPU
		{5420987A-2413-4920-9F77-02FF597E997C}.Debug|Any CPU.ActiveCfg = Debug|Any CPU
		{5420987A-2413-4920-9F77-02FF597E997C}.Debug|Any CPU.Build.0 = Debug|Any CPU
		{5420987A-2413-4920-9F77-02FF597E997C}.Release|Any CPU.ActiveCfg = Release|Any CPU
		{5420987A-2413-4920-9F77-02FF597E997C}.Release|Any CPU.Build.0 = Release|Any CPU
		{849B7924-1E5C-40F8-92F2-41C39A09B1A8}.Debug|Any CPU.ActiveCfg = Debug|Any CPU
		{849B7924-1E5C-40F8-92F2-41C39A09B1A8}.Debug|Any CPU.Build.0 = Debug|Any CPU
		{849B7924-1E5C-40F8-92F2-41C39A09B1A8}.Release|Any CPU.ActiveCfg = Release|Any CPU
		{849B7924-1E5C-40F8-92F2-41C39A09B1A8}.Release|Any CPU.Build.0 = Release|Any CPU
		{130632F4-531E-4A49-AF38-59F866DA696E}.Debug|Any CPU.ActiveCfg = Debug|Any CPU
		{130632F4-531E-4A49-AF38-59F866DA696E}.Debug|Any CPU.Build.0 = Debug|Any CPU
		{130632F4-531E-4A49-AF38-59F866DA696E}.Release|Any CPU.ActiveCfg = Release|Any CPU
		{130632F4-531E-4A49-AF38-59F866DA696E}.Release|Any CPU.Build.0 = Release|Any CPU
		{CEA41B89-41CA-4E90-9644-F8DCF369E0D5}.Debug|Any CPU.ActiveCfg = Debug|Any CPU
		{CEA41B89-41CA-4E90-9644-F8DCF369E0D5}.Debug|Any CPU.Build.0 = Debug|Any CPU
		{CEA41B89-41CA-4E90-9644-F8DCF369E0D5}.Release|Any CPU.ActiveCfg = Release|Any CPU
		{CEA41B89-41CA-4E90-9644-F8DCF369E0D5}.Release|Any CPU.Build.0 = Release|Any CPU
		{9E41F20D-4864-4326-A5A0-D5BE4B30C2F1}.Debug|Any CPU.ActiveCfg = Debug|Any CPU
		{9E41F20D-4864-4326-A5A0-D5BE4B30C2F1}.Debug|Any CPU.Build.0 = Debug|Any CPU
		{9E41F20D-4864-4326-A5A0-D5BE4B30C2F1}.Release|Any CPU.ActiveCfg = Release|Any CPU
		{9E41F20D-4864-4326-A5A0-D5BE4B30C2F1}.Release|Any CPU.Build.0 = Release|Any CPU
	EndGlobalSection
	GlobalSection(SolutionProperties) = preSolution
		HideSolutionNode = FALSE
	EndGlobalSection
	GlobalSection(NestedProjects) = preSolution
		{8C206CDF-DFAF-4806-AEED-1B800103AEEE} = {FC861BB8-6D8F-4D68-8AAF-49042E17A099}
		{E4FD93CC-5657-4302-A4E4-32902FE9F2EB} = {2AEB6CA8-00FD-405F-BBF1-96A4372CE9A2}
		{565121F5-80A5-42DC-A589-4161FC8826AB} = {2AEB6CA8-00FD-405F-BBF1-96A4372CE9A2}
		{8B74A4D9-EF0E-4856-86B2-C607A17906CF} = {2AEB6CA8-00FD-405F-BBF1-96A4372CE9A2}
		{2D3CFB2B-BE3C-4B50-A0C0-AD708F89F011} = {FC861BB8-6D8F-4D68-8AAF-49042E17A099}
		{5420987A-2413-4920-9F77-02FF597E997C} = {2AEB6CA8-00FD-405F-BBF1-96A4372CE9A2}
		{849B7924-1E5C-40F8-92F2-41C39A09B1A8} = {8A62BC9F-A245-454C-8B1C-1CD632EBD16A}
		{130632F4-531E-4A49-AF38-59F866DA696E} = {FC861BB8-6D8F-4D68-8AAF-49042E17A099}
		{CEA41B89-41CA-4E90-9644-F8DCF369E0D5} = {2AEB6CA8-00FD-405F-BBF1-96A4372CE9A2}
		{4EB38B6B-076D-4E70-874D-D8D6347B1042} = {2AEB6CA8-00FD-405F-BBF1-96A4372CE9A2}
		{9E41F20D-4864-4326-A5A0-D5BE4B30C2F1} = {4EB38B6B-076D-4E70-874D-D8D6347B1042}
	EndGlobalSection
	GlobalSection(ExtensibilityGlobals) = postSolution
		SolutionGuid = {8A2F5BFA-D199-4113-926C-E74F9AEAAA7C}
	EndGlobalSection
EndGlobal
